Microsoft Visual Studio Solution File, Format Version 12.00
# Visual Studio 15
VisualStudioVersion = 15.0.27428.2037
MinimumVisualStudioVersion = 10.0.40219.1
Project("{9A19103F-16F7-4668-BE54-9A1E7A4F7556}") = "TechCafe.Api", "TechCafe.Api\TechCafe.Api.csproj", "{3E1A1A53-7059-4A14-A524-AF15FA2948AD}"
EndProject
Project("{9A19103F-16F7-4668-BE54-9A1E7A4F7556}") = "TechCafe.Repository", "TechCafe.Repository\TechCafe.Repository.csproj", "{7A1C29DB-4EB5-4EB3-BAAC-1BE8F105F300}"
EndProject
Project("{9A19103F-16F7-4668-BE54-9A1E7A4F7556}") = "TechCafe.Api.Test", "TechCafe.Api.Test\TechCafe.Api.Test.csproj", "{4BC4F456-34D0-4F2A-9C39-56B8B950BD2A}"
EndProject
Project("{FAE04EC0-301F-11D3-BF4B-00C04F79EFBC}") = "TechCafe.Bot", "TechCafe.Bot\TechCafe.Bot.csproj", "{9C7E3A46-B60F-4052-9A21-DC8D1A942216}"
EndProject
Global
	GlobalSection(SolutionConfigurationPlatforms) = preSolution
		Debug|Any CPU = Debug|Any CPU
		Debug|x64 = Debug|x64
		Debug|x86 = Debug|x86
		Release|Any CPU = Release|Any CPU
		Release|x64 = Release|x64
		Release|x86 = Release|x86
	EndGlobalSection
	GlobalSection(ProjectConfigurationPlatforms) = postSolution
		{3E1A1A53-7059-4A14-A524-AF15FA2948AD}.Debug|Any CPU.ActiveCfg = Debug|Any CPU
		{3E1A1A53-7059-4A14-A524-AF15FA2948AD}.Debug|Any CPU.Build.0 = Debug|Any CPU
		{3E1A1A53-7059-4A14-A524-AF15FA2948AD}.Debug|x64.ActiveCfg = Debug|Any CPU
		{3E1A1A53-7059-4A14-A524-AF15FA2948AD}.Debug|x64.Build.0 = Debug|Any CPU
		{3E1A1A53-7059-4A14-A524-AF15FA2948AD}.Debug|x86.ActiveCfg = Debug|Any CPU
		{3E1A1A53-7059-4A14-A524-AF15FA2948AD}.Debug|x86.Build.0 = Debug|Any CPU
		{3E1A1A53-7059-4A14-A524-AF15FA2948AD}.Release|Any CPU.ActiveCfg = Release|Any CPU
		{3E1A1A53-7059-4A14-A524-AF15FA2948AD}.Release|Any CPU.Build.0 = Release|Any CPU
		{3E1A1A53-7059-4A14-A524-AF15FA2948AD}.Release|x64.ActiveCfg = Release|Any CPU
		{3E1A1A53-7059-4A14-A524-AF15FA2948AD}.Release|x64.Build.0 = Release|Any CPU
		{3E1A1A53-7059-4A14-A524-AF15FA2948AD}.Release|x86.ActiveCfg = Release|Any CPU
		{3E1A1A53-7059-4A14-A524-AF15FA2948AD}.Release|x86.Build.0 = Release|Any CPU
		{7A1C29DB-4EB5-4EB3-BAAC-1BE8F105F300}.Debug|Any CPU.ActiveCfg = Debug|Any CPU
		{7A1C29DB-4EB5-4EB3-BAAC-1BE8F105F300}.Debug|Any CPU.Build.0 = Debug|Any CPU
		{7A1C29DB-4EB5-4EB3-BAAC-1BE8F105F300}.Debug|x64.ActiveCfg = Debug|Any CPU
		{7A1C29DB-4EB5-4EB3-BAAC-1BE8F105F300}.Debug|x64.Build.0 = Debug|Any CPU
		{7A1C29DB-4EB5-4EB3-BAAC-1BE8F105F300}.Debug|x86.ActiveCfg = Debug|Any CPU
		{7A1C29DB-4EB5-4EB3-BAAC-1BE8F105F300}.Debug|x86.Build.0 = Debug|Any CPU
		{7A1C29DB-4EB5-4EB3-BAAC-1BE8F105F300}.Release|Any CPU.ActiveCfg = Release|Any CPU
		{7A1C29DB-4EB5-4EB3-BAAC-1BE8F105F300}.Release|Any CPU.Build.0 = Release|Any CPU
		{7A1C29DB-4EB5-4EB3-BAAC-1BE8F105F300}.Release|x64.ActiveCfg = Release|Any CPU
		{7A1C29DB-4EB5-4EB3-BAAC-1BE8F105F300}.Release|x64.Build.0 = Release|Any CPU
		{7A1C29DB-4EB5-4EB3-BAAC-1BE8F105F300}.Release|x86.ActiveCfg = Release|Any CPU
		{7A1C29DB-4EB5-4EB3-BAAC-1BE8F105F300}.Release|x86.Build.0 = Release|Any CPU
		{4BC4F456-34D0-4F2A-9C39-56B8B950BD2A}.Debug|Any CPU.ActiveCfg = Debug|Any CPU
		{4BC4F456-34D0-4F2A-9C39-56B8B950BD2A}.Debug|Any CPU.Build.0 = Debug|Any CPU
		{4BC4F456-34D0-4F2A-9C39-56B8B950BD2A}.Debug|x64.ActiveCfg = Debug|Any CPU
		{4BC4F456-34D0-4F2A-9C39-56B8B950BD2A}.Debug|x64.Build.0 = Debug|Any CPU
		{4BC4F456-34D0-4F2A-9C39-56B8B950BD2A}.Debug|x86.ActiveCfg = Debug|Any CPU
		{4BC4F456-34D0-4F2A-9C39-56B8B950BD2A}.Debug|x86.Build.0 = Debug|Any CPU
		{4BC4F456-34D0-4F2A-9C39-56B8B950BD2A}.Release|Any CPU.ActiveCfg = Release|Any CPU
		{4BC4F456-34D0-4F2A-9C39-56B8B950BD2A}.Release|Any CPU.Build.0 = Release|Any CPU
		{4BC4F456-34D0-4F2A-9C39-56B8B950BD2A}.Release|x64.ActiveCfg = Release|Any CPU
		{4BC4F456-34D0-4F2A-9C39-56B8B950BD2A}.Release|x64.Build.0 = Release|Any CPU
		{4BC4F456-34D0-4F2A-9C39-56B8B950BD2A}.Release|x86.ActiveCfg = Release|Any CPU
		{4BC4F456-34D0-4F2A-9C39-56B8B950BD2A}.Release|x86.Build.0 = Release|Any CPU
		{9C7E3A46-B60F-4052-9A21-DC8D1A942216}.Debug|Any CPU.ActiveCfg = Debug|Any CPU
		{9C7E3A46-B60F-4052-9A21-DC8D1A942216}.Debug|Any CPU.Build.0 = Debug|Any CPU
		{9C7E3A46-B60F-4052-9A21-DC8D1A942216}.Debug|x64.ActiveCfg = Debug|Any CPU
		{9C7E3A46-B60F-4052-9A21-DC8D1A942216}.Debug|x64.Build.0 = Debug|Any CPU
		{9C7E3A46-B60F-4052-9A21-DC8D1A942216}.Debug|x86.ActiveCfg = Debug|Any CPU
		{9C7E3A46-B60F-4052-9A21-DC8D1A942216}.Debug|x86.Build.0 = Debug|Any CPU
		{9C7E3A46-B60F-4052-9A21-DC8D1A942216}.Release|Any CPU.ActiveCfg = Release|Any CPU
		{9C7E3A46-B60F-4052-9A21-DC8D1A942216}.Release|Any CPU.Build.0 = Release|Any CPU
		{9C7E3A46-B60F-4052-9A21-DC8D1A942216}.Release|x64.ActiveCfg = Release|Any CPU
		{9C7E3A46-B60F-4052-9A21-DC8D1A942216}.Release|x64.Build.0 = Release|Any CPU
		{9C7E3A46-B60F-4052-9A21-DC8D1A942216}.Release|x86.ActiveCfg = Release|Any CPU
		{9C7E3A46-B60F-4052-9A21-DC8D1A942216}.Release|x86.Build.0 = Release|Any CPU
	EndGlobalSection
	GlobalSection(SolutionProperties) = preSolution
		HideSolutionNode = FALSE
	EndGlobalSection
	GlobalSection(ExtensibilityGlobals) = postSolution
		SolutionGuid = {1F1A7392-13F2-493A-B5A6-EB78261FF95E}
	EndGlobalSection
EndGlobal
